// !$*UTF8*$!
{
	archiveVersion = 1;
	classes = {
	};
	objectVersion = 56;
	objects = {

/* Begin PBXBuildFile section */
		1A1A1A1A1A1A1A1A1A1A1A01 /* ChekinanaApp.swift in Sources */ = {isa = PBXBuildFile; fileRef = 1A1A1A1A1A1A1A1A1A1A1A11 /* ChekinanaApp.swift */; };
		1A1A1A1A1A1A1A1A1A1A1A02 /* ContentView.swift in Sources */ = {isa = PBXBuildFile; fileRef = 1A1A1A1A1A1A1A1A1A1A1A12 /* ContentView.swift */; };
		1A1A1A1A1A1A1A1A1A1A1A03 /* Assets.xcassets in Resources */ = {isa = PBXBuildFile; fileRef = 1A1A1A1A1A1A1A1A1A1A1A13 /* Assets.xcassets */; };
		1A1A1A1A1A1A1A1A1A1A1A04 /* ChekinanaDataModel.swift in Sources */ = {isa = PBXBuildFile; fileRef = 1A1A1A1A1A1A1A1A1A1A1A15 /* ChekinanaDataModel.swift */; };
		1A1A1A1A1A1A1A1A1A1A1A05 /* ChekinanaCommandParser.swift in Sources */ = {isa = PBXBuildFile; fileRef = 1A1A1A1A1A1A1A1A1A1A1A16 /* ChekinanaCommandParser.swift */; };
		1A1A1A1A1A1A1A1A1A1A1A06 /* ChekinanaCommandExecutor.swift in Sources */ = {isa = PBXBuildFile; fileRef = 1A1A1A1A1A1A1A1A1A1A1A17 /* ChekinanaCommandExecutor.swift */; };
		1A1A1A1A1A1A1A1A1A1A1A07 /* ChekinanaIdolEnrichmentClient.swift in Sources */ = {isa = PBXBuildFile; fileRef = 1A1A1A1A1A1A1A1A1A1A1A18 /* ChekinanaIdolEnrichmentClient.swift */; };
		1A1A1A1A1A1A1A1A1A1A1A08 /* ChekinanaAlbumPickerStateMachine.swift in Sources */ = {isa = PBXBuildFile; fileRef = 1A1A1A1A1A1A1A1A1A1A1A19 /* ChekinanaAlbumPickerStateMachine.swift */; };
		1A1A1A1A1A1A1A1A1A1A1A09 /* ChekinanaNaturalLanguageTranslator.swift in Sources */ = {isa = PBXBuildFile; fileRef = 1A1A1A1A1A1A1A1A1A1A1A1A /* ChekinanaNaturalLanguageTranslator.swift */; };
		3C3C3C3C3C3C3C3C3C3C3C01 /* ChekinanaChekiIndexing.swift in Sources */ = {isa = PBXBuildFile; fileRef = 3C3C3C3C3C3C3C3C3C3C3C11 /* ChekinanaChekiIndexing.swift */; };
		5E5E5E5E5E5E5E5E5E5E5E01 /* ChekinanaNLInterpretClient.swift in Sources */ = {isa = PBXBuildFile; fileRef = 5E5E5E5E5E5E5E5E5E5E5E11 /* ChekinanaNLInterpretClient.swift */; };
		5E5E5E5E5E5E5E5E5E5E5E02 /* ChekinanaConversationCoordinator.swift in Sources */ = {isa = PBXBuildFile; fileRef = 5E5E5E5E5E5E5E5E5E5E5E12 /* ChekinanaConversationCoordinator.swift */; };
		5E5E5E5E5E5E5E5E5E5E5E03 /* ChekinanaNLInterpretClientTests.swift in Sources */ = {isa = PBXBuildFile; fileRef = 5E5E5E5E5E5E5E5E5E5E5E13 /* ChekinanaNLInterpretClientTests.swift */; };
		E7E7E7E7E7E7E7E7E7E7E703 /* ChekinanaChekiRokuImportTests.swift in Sources */ = {isa = PBXBuildFile; fileRef = E7E7E7E7E7E7E7E7E7E7E713 /* ChekinanaChekiRokuImportTests.swift */; };
		5E5E5E5E5E5E5E5E5E5E5E04 /* ChekinanaConversationCoordinatorTests.swift in Sources */ = {isa = PBXBuildFile; fileRef = 5E5E5E5E5E5E5E5E5E5E5E14 /* ChekinanaConversationCoordinatorTests.swift */; };
		7F7F7F7F7F7F7F7F7F7F7F01 /* ChekinanaEventCandidate.swift in Sources */ = {isa = PBXBuildFile; fileRef = 7F7F7F7F7F7F7F7F7F7F7F11 /* ChekinanaEventCandidate.swift */; };
		8A8A8A8A8A8A8A8A8A8A8A01 /* ChekinanaPatternEncoder.swift in Sources */ = {isa = PBXBuildFile; fileRef = 8A8A8A8A8A8A8A8A8A8A8A11 /* ChekinanaPatternEncoder.swift */; };
		8A8A8A8A8A8A8A8A8A8A8A02 /* ChekiPatternEncoder.mlpackage in Sources */ = {isa = PBXBuildFile; fileRef = 8A8A8A8A8A8A8A8A8A8A8A12 /* ChekiPatternEncoder.mlpackage */; };
		9B9B9B9B9B9B9B9B9B9B9B01 /* ChekinanaProductShell.swift in Sources */ = {isa = PBXBuildFile; fileRef = 9B9B9B9B9B9B9B9B9B9B9B11 /* ChekinanaProductShell.swift */; };
		E7E7E7E7E7E7E7E7E7E7E701 /* ChekinanaChekiRokuImport.swift in Sources */ = {isa = PBXBuildFile; fileRef = E7E7E7E7E7E7E7E7E7E7E711 /* ChekinanaChekiRokuImport.swift */; };
		E7E7E7E7E7E7E7E7E7E7E702 /* ChekinanaChekiRokuImportWizard.swift in Sources */ = {isa = PBXBuildFile; fileRef = E7E7E7E7E7E7E7E7E7E7E712 /* ChekinanaChekiRokuImportWizard.swift */; };
		4D4D4D4D4D4D4D4D4D4D4D01 /* ChekinanaCommandExecutorTests.swift in Sources */ = {isa = PBXBuildFile; fileRef = 4D4D4D4D4D4D4D4D4D4D4D11 /* ChekinanaCommandExecutorTests.swift */; };
		2B2B2B2B2B2B2B2B2B2B2B01 /* ChekinanaNaturalLanguageUITests.swift in Sources */ = {isa = PBXBuildFile; fileRef = 2B2B2B2B2B2B2B2B2B2B2B11 /* ChekinanaNaturalLanguageUITests.swift */; };
		9C9C9C9C9C9C9C9C9C9C9C01 /* ChekinanaProductShellUITests.swift in Sources */ = {isa = PBXBuildFile; fileRef = 9C9C9C9C9C9C9C9C9C9C9C11 /* ChekinanaProductShellUITests.swift */; };
		D1D1D1D1D1D1D1D1D1D1D101 /* MatchGameEngine.swift in Sources */ = {isa = PBXBuildFile; fileRef = D1D1D1D1D1D1D1D1D1D1D111 /* MatchGameEngine.swift */; };
		D1D1D1D1D1D1D1D1D1D1D102 /* MatchGameView.swift in Sources */ = {isa = PBXBuildFile; fileRef = D1D1D1D1D1D1D1D1D1D1D112 /* MatchGameView.swift */; };
		D1D1D1D1D1D1D1D1D1D1D103 /* MatchGame in Resources */ = {isa = PBXBuildFile; fileRef = D1D1D1D1D1D1D1D1D1D1D113 /* MatchGame */; };
		F6F6F6F6F6F6F6F6F6F6F601 /* ChekinanaPresentation.swift in Sources */ = {isa = PBXBuildFile; fileRef = F6F6F6F6F6F6F6F6F6F6F611 /* ChekinanaPresentation.swift */; };
		F6F6F6F6F6F6F6F6F6F6F602 /* Localizable.xcstrings in Resources */ = {isa = PBXBuildFile; fileRef = F6F6F6F6F6F6F6F6F6F6F612 /* Localizable.xcstrings */; };
/* End PBXBuildFile section */

/* Begin PBXContainerItemProxy section */
		2B2B2B2B2B2B2B2B2B2B2B20 /* PBXContainerItemProxy */ = {
			isa = PBXContainerItemProxy;
			containerPortal = 1A1A1A1A1A1A1A1A1A1A1A41 /* Project object */;
			proxyType = 1;
			remoteGlobalIDString = 1A1A1A1A1A1A1A1A1A1A1A40;
			remoteInfo = Chekinana;
		};
		4D4D4D4D4D4D4D4D4D4D4D20 /* PBXContainerItemProxy */ = {
			isa = PBXContainerItemProxy;
			containerPortal = 1A1A1A1A1A1A1A1A1A1A1A41 /* Project object */;
			proxyType = 1;
			remoteGlobalIDString = 1A1A1A1A1A1A1A1A1A1A1A40;
			remoteInfo = Chekinana;
		};
/* End PBXContainerItemProxy section */

/* Begin PBXFileReference section */
		1A1A1A1A1A1A1A1A1A1A1A10 /* Chekinana.app */ = {isa = PBXFileReference; explicitFileType = wrapper.application; includeInIndex = 0; path = Chekinana.app; sourceTree = BUILT_PRODUCTS_DIR; };
		1A1A1A1A1A1A1A1A1A1A1A11 /* ChekinanaApp.swift */ = {isa = PBXFileReference; lastKnownFileType = sourcecode.swift; path = ChekinanaApp.swift; sourceTree = "<group>"; };
		1A1A1A1A1A1A1A1A1A1A1A12 /* ContentView.swift */ = {isa = PBXFileReference; lastKnownFileType = sourcecode.swift; path = ContentView.swift; sourceTree = "<group>"; };
		1A1A1A1A1A1A1A1A1A1A1A13 /* Assets.xcassets */ = {isa = PBXFileReference; lastKnownFileType = folder.assetcatalog; path = Assets.xcassets; sourceTree = "<group>"; };
		1A1A1A1A1A1A1A1A1A1A1A14 /* Info.plist */ = {isa = PBXFileReference; lastKnownFileType = text.plist.xml; path = Info.plist; sourceTree = "<group>"; };
		1A1A1A1A1A1A1A1A1A1A1A15 /* ChekinanaDataModel.swift */ = {isa = PBXFileReference; lastKnownFileType = sourcecode.swift; path = ChekinanaDataModel.swift; sourceTree = "<group>"; };
		1A1A1A1A1A1A1A1A1A1A1A16 /* ChekinanaCommandParser.swift */ = {isa = PBXFileReference; lastKnownFileType = sourcecode.swift; path = ChekinanaCommandParser.swift; sourceTree = "<group>"; };
		1A1A1A1A1A1A1A1A1A1A1A17 /* ChekinanaCommandExecutor.swift */ = {isa = PBXFileReference; lastKnownFileType = sourcecode.swift; path = ChekinanaCommandExecutor.swift; sourceTree = "<group>"; };
		1A1A1A1A1A1A1A1A1A1A1A18 /* ChekinanaIdolEnrichmentClient.swift */ = {isa = PBXFileReference; lastKnownFileType = sourcecode.swift; path = ChekinanaIdolEnrichmentClient.swift; sourceTree = "<group>"; };
		1A1A1A1A1A1A1A1A1A1A1A19 /* ChekinanaAlbumPickerStateMachine.swift */ = {isa = PBXFileReference; lastKnownFileType = sourcecode.swift; path = ChekinanaAlbumPickerStateMachine.swift; sourceTree = "<group>"; };
		1A1A1A1A1A1A1A1A1A1A1A1A /* ChekinanaNaturalLanguageTranslator.swift */ = {isa = PBXFileReference; lastKnownFileType = sourcecode.swift; path = ChekinanaNaturalLanguageTranslator.swift; sourceTree = "<group>"; };
		3C3C3C3C3C3C3C3C3C3C3C11 /* ChekinanaChekiIndexing.swift */ = {isa = PBXFileReference; lastKnownFileType = sourcecode.swift; path = ChekinanaChekiIndexing.swift; sourceTree = "<group>"; };
		5E5E5E5E5E5E5E5E5E5E5E11 /* ChekinanaNLInterpretClient.swift */ = {isa = PBXFileReference; lastKnownFileType = sourcecode.swift; path = ChekinanaNLInterpretClient.swift; sourceTree = "<group>"; };
		5E5E5E5E5E5E5E5E5E5E5E12 /* ChekinanaConversationCoordinator.swift */ = {isa = PBXFileReference; lastKnownFileType = sourcecode.swift; path = ChekinanaConversationCoordinator.swift; sourceTree = "<group>"; };
		5E5E5E5E5E5E5E5E5E5E5E13 /* ChekinanaNLInterpretClientTests.swift */ = {isa = PBXFileReference; lastKnownFileType = sourcecode.swift; path = ChekinanaNLInterpretClientTests.swift; sourceTree = "<group>"; };
		E7E7E7E7E7E7E7E7E7E7E713 /* ChekinanaChekiRokuImportTests.swift */ = {isa = PBXFileReference; lastKnownFileType = sourcecode.swift; path = ChekinanaChekiRokuImportTests.swift; sourceTree = "<group>"; };
		5E5E5E5E5E5E5E5E5E5E5E14 /* ChekinanaConversationCoordinatorTests.swift */ = {isa = PBXFileReference; lastKnownFileType = sourcecode.swift; path = ChekinanaConversationCoordinatorTests.swift; sourceTree = "<group>"; };
		7F7F7F7F7F7F7F7F7F7F7F11 /* ChekinanaEventCandidate.swift */ = {isa = PBXFileReference; lastKnownFileType = sourcecode.swift; path = ChekinanaEventCandidate.swift; sourceTree = "<group>"; };
		8A8A8A8A8A8A8A8A8A8A8A11 /* ChekinanaPatternEncoder.swift */ = {isa = PBXFileReference; lastKnownFileType = sourcecode.swift; path = ChekinanaPatternEncoder.swift; sourceTree = "<group>"; };
		8A8A8A8A8A8A8A8A8A8A8A12 /* ChekiPatternEncoder.mlpackage */ = {isa = PBXFileReference; lastKnownFileType = folder.mlpackage; path = Models/ChekiPatternEncoder.mlpackage; sourceTree = "<group>"; };
		9B9B9B9B9B9B9B9B9B9B9B11 /* ChekinanaProductShell.swift */ = {isa = PBXFileReference; lastKnownFileType = sourcecode.swift; path = ChekinanaProductShell.swift; sourceTree = "<group>"; };
		E7E7E7E7E7E7E7E7E7E7E711 /* ChekinanaChekiRokuImport.swift */ = {isa = PBXFileReference; lastKnownFileType = sourcecode.swift; path = ChekinanaChekiRokuImport.swift; sourceTree = "<group>"; };
		E7E7E7E7E7E7E7E7E7E7E712 /* ChekinanaChekiRokuImportWizard.swift */ = {isa = PBXFileReference; lastKnownFileType = sourcecode.swift; path = ChekinanaChekiRokuImportWizard.swift; sourceTree = "<group>"; };
		4D4D4D4D4D4D4D4D4D4D4D10 /* ChekinanaTests.xctest */ = {isa = PBXFileReference; explicitFileType = wrapper.cfbundle; includeInIndex = 0; path = ChekinanaTests.xctest; sourceTree = BUILT_PRODUCTS_DIR; };
		4D4D4D4D4D4D4D4D4D4D4D11 /* ChekinanaCommandExecutorTests.swift */ = {isa = PBXFileReference; lastKnownFileType = sourcecode.swift; path = ChekinanaCommandExecutorTests.swift; sourceTree = "<group>"; };
		2B2B2B2B2B2B2B2B2B2B2B10 /* ChekinanaUITests.xctest */ = {isa = PBXFileReference; explicitFileType = wrapper.cfbundle; includeInIndex = 0; path = ChekinanaUITests.xctest; sourceTree = BUILT_PRODUCTS_DIR; };
		2B2B2B2B2B2B2B2B2B2B2B11 /* ChekinanaNaturalLanguageUITests.swift */ = {isa = PBXFileReference; lastKnownFileType = sourcecode.swift; path = ChekinanaNaturalLanguageUITests.swift; sourceTree = "<group>"; };
		9C9C9C9C9C9C9C9C9C9C9C11 /* ChekinanaProductShellUITests.swift */ = {isa = PBXFileReference; lastKnownFileType = sourcecode.swift; path = ChekinanaProductShellUITests.swift; sourceTree = "<group>"; };
		6C6C6C6C6C6C6C6C6C6C6C11 /* Chekinana.xcconfig */ = {isa = PBXFileReference; lastKnownFileType = text.xcconfig; path = Config/Chekinana.xcconfig; sourceTree = SOURCE_ROOT; };
		D1D1D1D1D1D1D1D1D1D1D111 /* MatchGameEngine.swift */ = {isa = PBXFileReference; lastKnownFileType = sourcecode.swift; path = MatchGameEngine.swift; sourceTree = "<group>"; };
		D1D1D1D1D1D1D1D1D1D1D112 /* MatchGameView.swift */ = {isa = PBXFileReference; lastKnownFileType = sourcecode.swift; path = MatchGameView.swift; sourceTree = "<group>"; };
		D1D1D1D1D1D1D1D1D1D1D113 /* MatchGame */ = {isa = PBXFileReference; lastKnownFileType = folder; path = Resources/MatchGame; sourceTree = "<group>"; };
		F6F6F6F6F6F6F6F6F6F6F611 /* ChekinanaPresentation.swift */ = {isa = PBXFileReference; lastKnownFileType = sourcecode.swift; path = ChekinanaPresentation.swift; sourceTree = "<group>"; };
		F6F6F6F6F6F6F6F6F6F6F612 /* Localizable.xcstrings */ = {isa = PBXFileReference; lastKnownFileType = text.json.xcstrings; path = Localizable.xcstrings; sourceTree = "<group>"; };
/* End PBXFileReference section */

/* Begin PBXFrameworksBuildPhase section */
		1A1A1A1A1A1A1A1A1A1A1A20 /* Frameworks */ = {
			isa = PBXFrameworksBuildPhase;
			buildActionMask = 2147483647;
			files = (
			);
			runOnlyForDeploymentPostprocessing = 0;
		};
		2B2B2B2B2B2B2B2B2B2B2B21 /* Frameworks */ = {
			isa = PBXFrameworksBuildPhase;
			buildActionMask = 2147483647;
			files = (
			);
			runOnlyForDeploymentPostprocessing = 0;
		};
		4D4D4D4D4D4D4D4D4D4D4D21 /* Frameworks */ = {
			isa = PBXFrameworksBuildPhase;
			buildActionMask = 2147483647;
			files = (
			);
			runOnlyForDeploymentPostprocessing = 0;
		};
/* End PBXFrameworksBuildPhase section */

/* Begin PBXGroup section */
		1A1A1A1A1A1A1A1A1A1A1A30 = {
			isa = PBXGroup;
			children = (
				6C6C6C6C6C6C6C6C6C6C6C11 /* Chekinana.xcconfig */,
				1A1A1A1A1A1A1A1A1A1A1A31 /* Chekinana */,
				4D4D4D4D4D4D4D4D4D4D4D31 /* ChekinanaTests */,
				2B2B2B2B2B2B2B2B2B2B2B31 /* ChekinanaUITests */,
				1A1A1A1A1A1A1A1A1A1A1A32 /* Products */,
			);
			sourceTree = "<group>";
		};
		1A1A1A1A1A1A1A1A1A1A1A31 /* Chekinana */ = {
			isa = PBXGroup;
			children = (
				1A1A1A1A1A1A1A1A1A1A1A11 /* ChekinanaApp.swift */,
				1A1A1A1A1A1A1A1A1A1A1A12 /* ContentView.swift */,
				1A1A1A1A1A1A1A1A1A1A1A15 /* ChekinanaDataModel.swift */,
				1A1A1A1A1A1A1A1A1A1A1A16 /* ChekinanaCommandParser.swift */,
				1A1A1A1A1A1A1A1A1A1A1A17 /* ChekinanaCommandExecutor.swift */,
				1A1A1A1A1A1A1A1A1A1A1A18 /* ChekinanaIdolEnrichmentClient.swift */,
				1A1A1A1A1A1A1A1A1A1A1A19 /* ChekinanaAlbumPickerStateMachine.swift */,
				1A1A1A1A1A1A1A1A1A1A1A1A /* ChekinanaNaturalLanguageTranslator.swift */,
				3C3C3C3C3C3C3C3C3C3C3C11 /* ChekinanaChekiIndexing.swift */,
				5E5E5E5E5E5E5E5E5E5E5E11 /* ChekinanaNLInterpretClient.swift */,
				5E5E5E5E5E5E5E5E5E5E5E12 /* ChekinanaConversationCoordinator.swift */,
				7F7F7F7F7F7F7F7F7F7F7F11 /* ChekinanaEventCandidate.swift */,
				8A8A8A8A8A8A8A8A8A8A8A11 /* ChekinanaPatternEncoder.swift */,
				9B9B9B9B9B9B9B9B9B9B9B11 /* ChekinanaProductShell.swift */,
				E7E7E7E7E7E7E7E7E7E7E711 /* ChekinanaChekiRokuImport.swift */,
				E7E7E7E7E7E7E7E7E7E7E712 /* ChekinanaChekiRokuImportWizard.swift */,
				F6F6F6F6F6F6F6F6F6F6F611 /* ChekinanaPresentation.swift */,
				F6F6F6F6F6F6F6F6F6F6F612 /* Localizable.xcstrings */,
				D1D1D1D1D1D1D1D1D1D1D111 /* MatchGameEngine.swift */,
				D1D1D1D1D1D1D1D1D1D1D112 /* MatchGameView.swift */,
				D1D1D1D1D1D1D1D1D1D1D113 /* MatchGame */,
				8A8A8A8A8A8A8A8A8A8A8A12 /* ChekiPatternEncoder.mlpackage */,
				1A1A1A1A1A1A1A1A1A1A1A13 /* Assets.xcassets */,
				1A1A1A1A1A1A1A1A1A1A1A14 /* Info.plist */,
			);
			path = Chekinana;
			sourceTree = "<group>";
		};
		1A1A1A1A1A1A1A1A1A1A1A32 /* Products */ = {
			isa = PBXGroup;
			children = (
				1A1A1A1A1A1A1A1A1A1A1A10 /* Chekinana.app */,
				4D4D4D4D4D4D4D4D4D4D4D10 /* ChekinanaTests.xctest */,
				2B2B2B2B2B2B2B2B2B2B2B10 /* ChekinanaUITests.xctest */,
			);
			name = Products;
			sourceTree = "<group>";
		};
		2B2B2B2B2B2B2B2B2B2B2B31 /* ChekinanaUITests */ = {
			isa = PBXGroup;
			children = (
				2B2B2B2B2B2B2B2B2B2B2B11 /* ChekinanaNaturalLanguageUITests.swift */,
				9C9C9C9C9C9C9C9C9C9C9C11 /* ChekinanaProductShellUITests.swift */,
			);
			path = ChekinanaUITests;
			sourceTree = "<group>";
		};
		4D4D4D4D4D4D4D4D4D4D4D31 /* ChekinanaTests */ = {
			isa = PBXGroup;
			children = (
				4D4D4D4D4D4D4D4D4D4D4D11 /* ChekinanaCommandExecutorTests.swift */,
				5E5E5E5E5E5E5E5E5E5E5E13 /* ChekinanaNLInterpretClientTests.swift */,
				E7E7E7E7E7E7E7E7E7E7E713 /* ChekinanaChekiRokuImportTests.swift */,
				5E5E5E5E5E5E5E5E5E5E5E14 /* ChekinanaConversationCoordinatorTests.swift */,
			);
			path = ChekinanaTests;
			sourceTree = "<group>";
		};
/* End PBXGroup section */

/* Begin PBXNativeTarget section */
		1A1A1A1A1A1A1A1A1A1A1A40 /* Chekinana */ = {
			isa = PBXNativeTarget;
			buildConfigurationList = 1A1A1A1A1A1A1A1A1A1A1A70 /* Build configuration list for PBXNativeTarget "Chekinana" */;
			buildPhases = (
				1A1A1A1A1A1A1A1A1A1A1A50 /* Sources */,
				1A1A1A1A1A1A1A1A1A1A1A20 /* Frameworks */,
				1A1A1A1A1A1A1A1A1A1A1A60 /* Resources */,
			);
			buildRules = (
			);
			dependencies = (
			);
			name = Chekinana;
			productName = Chekinana;
			productReference = 1A1A1A1A1A1A1A1A1A1A1A10 /* Chekinana.app */;
			productType = "com.apple.product-type.application";
		};
		2B2B2B2B2B2B2B2B2B2B2B40 /* ChekinanaUITests */ = {
			isa = PBXNativeTarget;
			buildConfigurationList = 2B2B2B2B2B2B2B2B2B2B2B70 /* Build configuration list for PBXNativeTarget "ChekinanaUITests" */;
			buildPhases = (
				2B2B2B2B2B2B2B2B2B2B2B50 /* Sources */,
				2B2B2B2B2B2B2B2B2B2B2B21 /* Frameworks */,
				2B2B2B2B2B2B2B2B2B2B2B60 /* Resources */,
			);
			buildRules = (
			);
			dependencies = (
				2B2B2B2B2B2B2B2B2B2B2B30 /* PBXTargetDependency */,
			);
			name = ChekinanaUITests;
			productName = ChekinanaUITests;
			productReference = 2B2B2B2B2B2B2B2B2B2B2B10 /* ChekinanaUITests.xctest */;
			productType = "com.apple.product-type.bundle.ui-testing";
		};
		4D4D4D4D4D4D4D4D4D4D4D40 /* ChekinanaTests */ = {
			isa = PBXNativeTarget;
			buildConfigurationList = 4D4D4D4D4D4D4D4D4D4D4D70 /* Build configuration list for PBXNativeTarget "ChekinanaTests" */;
			buildPhases = (
				4D4D4D4D4D4D4D4D4D4D4D50 /* Sources */,
				4D4D4D4D4D4D4D4D4D4D4D21 /* Frameworks */,
				4D4D4D4D4D4D4D4D4D4D4D60 /* Resources */,
			);
			buildRules = (
			);
			dependencies = (
				4D4D4D4D4D4D4D4D4D4D4D30 /* PBXTargetDependency */,
			);
			name = ChekinanaTests;
			productName = ChekinanaTests;
			productReference = 4D4D4D4D4D4D4D4D4D4D4D10 /* ChekinanaTests.xctest */;
			productType = "com.apple.product-type.bundle.unit-test";
		};
/* End PBXNativeTarget section */

/* Begin PBXProject section */
		1A1A1A1A1A1A1A1A1A1A1A41 /* Project object */ = {
			isa = PBXProject;
			attributes = {
				BuildIndependentTargetsInParallel = 1;
				LastSwiftUpdateCheck = 2660;
				LastUpgradeCheck = 2660;
				TargetAttributes = {
					1A1A1A1A1A1A1A1A1A1A1A40 = {
						CreatedOnToolsVersion = 26.6;
					};
					2B2B2B2B2B2B2B2B2B2B2B40 = {
						CreatedOnToolsVersion = 26.6;
						TestTargetID = 1A1A1A1A1A1A1A1A1A1A1A40;
					};
					4D4D4D4D4D4D4D4D4D4D4D40 = {
						CreatedOnToolsVersion = 26.6;
						TestTargetID = 1A1A1A1A1A1A1A1A1A1A1A40;
					};
				};
			};
			buildConfigurationList = 1A1A1A1A1A1A1A1A1A1A1A80 /* Build configuration list for PBXProject "Chekinana" */;
			compatibilityVersion = "Xcode 14.0";
			developmentRegion = en;
			hasScannedForEncodings = 0;
			knownRegions = (
				en,
				ja,
				"zh-Hans",
				Base,
			);
			mainGroup = 1A1A1A1A1A1A1A1A1A1A1A30;
			productRefGroup = 1A1A1A1A1A1A1A1A1A1A1A32 /* Products */;
			projectDirPath = "";
			projectRoot = "";
			targets = (
				1A1A1A1A1A1A1A1A1A1A1A40 /* Chekinana */,
				4D4D4D4D4D4D4D4D4D4D4D40 /* ChekinanaTests */,
				2B2B2B2B2B2B2B2B2B2B2B40 /* ChekinanaUITests */,
			);
		};
/* End PBXProject section */

/* Begin PBXResourcesBuildPhase section */
		1A1A1A1A1A1A1A1A1A1A1A60 /* Resources */ = {
			isa = PBXResourcesBuildPhase;
			buildActionMask = 2147483647;
			files = (
				1A1A1A1A1A1A1A1A1A1A1A03 /* Assets.xcassets in Resources */,
				D1D1D1D1D1D1D1D1D1D1D103 /* MatchGame in Resources */,
				F6F6F6F6F6F6F6F6F6F6F602 /* Localizable.xcstrings in Resources */,
			);
			runOnlyForDeploymentPostprocessing = 0;
		};
		2B2B2B2B2B2B2B2B2B2B2B60 /* Resources */ = {
			isa = PBXResourcesBuildPhase;
			buildActionMask = 2147483647;
			files = (
			);
			runOnlyForDeploymentPostprocessing = 0;
		};
		4D4D4D4D4D4D4D4D4D4D4D60 /* Resources */ = {
			isa = PBXResourcesBuildPhase;
			buildActionMask = 2147483647;
			files = (
			);
			runOnlyForDeploymentPostprocessing = 0;
		};
/* End PBXResourcesBuildPhase section */

/* Begin PBXSourcesBuildPhase section */
		1A1A1A1A1A1A1A1A1A1A1A50 /* Sources */ = {
			isa = PBXSourcesBuildPhase;
			buildActionMask = 2147483647;
			files = (
				1A1A1A1A1A1A1A1A1A1A1A01 /* ChekinanaApp.swift in Sources */,
				1A1A1A1A1A1A1A1A1A1A1A02 /* ContentView.swift in Sources */,
				1A1A1A1A1A1A1A1A1A1A1A04 /* ChekinanaDataModel.swift in Sources */,
				1A1A1A1A1A1A1A1A1A1A1A05 /* ChekinanaCommandParser.swift in Sources */,
				1A1A1A1A1A1A1A1A1A1A1A06 /* ChekinanaCommandExecutor.swift in Sources */,
				1A1A1A1A1A1A1A1A1A1A1A07 /* ChekinanaIdolEnrichmentClient.swift in Sources */,
				1A1A1A1A1A1A1A1A1A1A1A08 /* ChekinanaAlbumPickerStateMachine.swift in Sources */,
				1A1A1A1A1A1A1A1A1A1A1A09 /* ChekinanaNaturalLanguageTranslator.swift in Sources */,
				3C3C3C3C3C3C3C3C3C3C3C01 /* ChekinanaChekiIndexing.swift in Sources */,
				5E5E5E5E5E5E5E5E5E5E5E01 /* ChekinanaNLInterpretClient.swift in Sources */,
				5E5E5E5E5E5E5E5E5E5E5E02 /* ChekinanaConversationCoordinator.swift in Sources */,
				7F7F7F7F7F7F7F7F7F7F7F01 /* ChekinanaEventCandidate.swift in Sources */,
				8A8A8A8A8A8A8A8A8A8A8A01 /* ChekinanaPatternEncoder.swift in Sources */,
				8A8A8A8A8A8A8A8A8A8A8A02 /* ChekiPatternEncoder.mlpackage in Sources */,
				9B9B9B9B9B9B9B9B9B9B9B01 /* ChekinanaProductShell.swift in Sources */,
				E7E7E7E7E7E7E7E7E7E7E701 /* ChekinanaChekiRokuImport.swift in Sources */,
				E7E7E7E7E7E7E7E7E7E7E702 /* ChekinanaChekiRokuImportWizard.swift in Sources */,
				F6F6F6F6F6F6F6F6F6F6F601 /* ChekinanaPresentation.swift in Sources */,
				D1D1D1D1D1D1D1D1D1D1D101 /* MatchGameEngine.swift in Sources */,
				D1D1D1D1D1D1D1D1D1D1D102 /* MatchGameView.swift in Sources */,
			);
			runOnlyForDeploymentPostprocessing = 0;
		};
		2B2B2B2B2B2B2B2B2B2B2B50 /* Sources */ = {
			isa = PBXSourcesBuildPhase;
			buildActionMask = 2147483647;
			files = (
				2B2B2B2B2B2B2B2B2B2B2B01 /* ChekinanaNaturalLanguageUITests.swift in Sources */,
				9C9C9C9C9C9C9C9C9C9C9C01 /* ChekinanaProductShellUITests.swift in Sources */,
			);
			runOnlyForDeploymentPostprocessing = 0;
		};
		4D4D4D4D4D4D4D4D4D4D4D50 /* Sources */ = {
			isa = PBXSourcesBuildPhase;
			buildActionMask = 2147483647;
			files = (
				4D4D4D4D4D4D4D4D4D4D4D01 /* ChekinanaCommandExecutorTests.swift in Sources */,
				5E5E5E5E5E5E5E5E5E5E5E03 /* ChekinanaNLInterpretClientTests.swift in Sources */,
				E7E7E7E7E7E7E7E7E7E7E703 /* ChekinanaChekiRokuImportTests.swift in Sources */,
				5E5E5E5E5E5E5E5E5E5E5E04 /* ChekinanaConversationCoordinatorTests.swift in Sources */,
			);
			runOnlyForDeploymentPostprocessing = 0;
		};
/* End PBXSourcesBuildPhase section */

/* Begin PBXTargetDependency section */
		2B2B2B2B2B2B2B2B2B2B2B30 /* PBXTargetDependency */ = {
			isa = PBXTargetDependency;
			target = 1A1A1A1A1A1A1A1A1A1A1A40 /* Chekinana */;
			targetProxy = 2B2B2B2B2B2B2B2B2B2B2B20 /* PBXContainerItemProxy */;
		};
		4D4D4D4D4D4D4D4D4D4D4D30 /* PBXTargetDependency */ = {
			isa = PBXTargetDependency;
			target = 1A1A1A1A1A1A1A1A1A1A1A40 /* Chekinana */;
			targetProxy = 4D4D4D4D4D4D4D4D4D4D4D20 /* PBXContainerItemProxy */;
		};
/* End PBXTargetDependency section */

/* Begin XCBuildConfiguration section */
		1A1A1A1A1A1A1A1A1A1A1A71 /* Debug */ = {
			isa = XCBuildConfiguration;
			baseConfigurationReference = 6C6C6C6C6C6C6C6C6C6C6C11 /* Chekinana.xcconfig */;
			buildSettings = {
				ASSETCATALOG_COMPILER_GLOBAL_ACCENT_COLOR_NAME = AccentColor;
				CODE_SIGN_STYLE = Automatic;
				CURRENT_PROJECT_VERSION = 1;
				DEVELOPMENT_ASSET_PATHS = "";
				DEVELOPMENT_TEAM = T7R6XV8X47;
				ENABLE_PREVIEWS = YES;
				GENERATE_INFOPLIST_FILE = NO;
				INFOPLIST_FILE = Chekinana/Info.plist;
				INFOPLIST_PREPROCESS = YES;
				INFOPLIST_PREPROCESSOR_DEFINITIONS = "$(inherited)";
				IPHONEOS_DEPLOYMENT_TARGET = 17.0;
				LD_RUNPATH_SEARCH_PATHS = (
					"$(inherited)",
					"@executable_path/Frameworks",
				);
				MARKETING_VERSION = 1.0;
				PRODUCT_BUNDLE_IDENTIFIER = app.chekinana.ios;
				PRODUCT_NAME = "$(TARGET_NAME)";
				SDKROOT = iphoneos;
				SUPPORTED_PLATFORMS = "iphoneos iphonesimulator";
				SUPPORTS_MACCATALYST = NO;
				SUPPORTS_MAC_DESIGNED_FOR_IPHONE_IPAD = NO;
				SWIFT_EMIT_LOC_STRINGS = YES;
				SWIFT_VERSION = 6.0;
				TARGETED_DEVICE_FAMILY = "1,2";
			};
			name = Debug;
		};
		1A1A1A1A1A1A1A1A1A1A1A72 /* Release */ = {
			isa = XCBuildConfiguration;
			baseConfigurationReference = 6C6C6C6C6C6C6C6C6C6C6C11 /* Chekinana.xcconfig */;
			buildSettings = {
				ASSETCATALOG_COMPILER_GLOBAL_ACCENT_COLOR_NAME = AccentColor;
				CODE_SIGN_STYLE = Automatic;
				CURRENT_PROJECT_VERSION = 1;
				DEVELOPMENT_ASSET_PATHS = "";
				DEVELOPMENT_TEAM = T7R6XV8X47;
				ENABLE_PREVIEWS = YES;
				GENERATE_INFOPLIST_FILE = NO;
				INFOPLIST_FILE = Chekinana/Info.plist;
				INFOPLIST_PREPROCESS = YES;
				INFOPLIST_PREPROCESSOR_DEFINITIONS = "$(inherited)";
				IPHONEOS_DEPLOYMENT_TARGET = 17.0;
				LD_RUNPATH_SEARCH_PATHS = (
					"$(inherited)",
					"@executable_path/Frameworks",
				);
				MARKETING_VERSION = 1.0;
				PRODUCT_BUNDLE_IDENTIFIER = app.chekinana.ios;
				PRODUCT_NAME = "$(TARGET_NAME)";
				SDKROOT = iphoneos;
				SUPPORTED_PLATFORMS = "iphoneos iphonesimulator";
				SUPPORTS_MACCATALYST = NO;
				SUPPORTS_MAC_DESIGNED_FOR_IPHONE_IPAD = NO;
				SWIFT_EMIT_LOC_STRINGS = YES;
				SWIFT_VERSION = 6.0;
				TARGETED_DEVICE_FAMILY = "1,2";
			};
			name = Release;
		};
		1A1A1A1A1A1A1A1A1A1A1A81 /* Debug */ = {
			isa = XCBuildConfiguration;
			buildSettings = {
				ALWAYS_SEARCH_USER_PATHS = NO;
				CLANG_ANALYZER_NONNULL = YES;
				CLANG_ANALYZER_NUMBER_OBJECT_CONVERSION = YES_AGGRESSIVE;
				CLANG_CXX_LANGUAGE_STANDARD = "gnu++20";
				CLANG_ENABLE_MODULES = YES;
				CLANG_ENABLE_OBJC_ARC = YES;
				CLANG_ENABLE_OBJC_WEAK = YES;
				CLANG_WARN_BLOCK_CAPTURE_AUTORELEASING = YES;
				CLANG_WARN_BOOL_CONVERSION = YES;
				CLANG_WARN_COMMA = YES;
				CLANG_WARN_CONSTANT_CONVERSION = YES;
				CLANG_WARN_DEPRECATED_OBJC_IMPLEMENTATIONS = YES;
				CLANG_WARN_DIRECT_OBJC_ISA_USAGE = YES_ERROR;
				CLANG_WARN_DOCUMENTATION_COMMENTS = YES;
				CLANG_WARN_EMPTY_BODY = YES;
				CLANG_WARN_ENUM_CONVERSION = YES;
				CLANG_WARN_INFINITE_RECURSION = YES;
				CLANG_WARN_INT_CONVERSION = YES;
				CLANG_WARN_NON_LITERAL_NULL_CONVERSION = YES;
				CLANG_WARN_OBJC_IMPLICIT_RETAIN_SELF = YES;
				CLANG_WARN_OBJC_LITERAL_CONVERSION = YES;
				CLANG_WARN_OBJC_ROOT_CLASS = YES_ERROR;
				CLANG_WARN_QUOTED_INCLUDE_IN_FRAMEWORK_HEADER = YES;
				CLANG_WARN_RANGE_LOOP_ANALYSIS = YES;
				CLANG_WARN_STRICT_PROTOTYPES = YES;
				CLANG_WARN_SUSPICIOUS_MOVE = YES;
				CLANG_WARN_UNGUARDED_AVAILABILITY = YES_AGGRESSIVE;
				CLANG_WARN_UNREACHABLE_CODE = YES;
				CLANG_WARN__DUPLICATE_METHOD_MATCH = YES;
				COPY_PHASE_STRIP = NO;
				DEBUG_INFORMATION_FORMAT = dwarf;
				ENABLE_STRICT_OBJC_MSGSEND = YES;
				ENABLE_TESTABILITY = YES;
				ENABLE_USER_SCRIPT_SANDBOXING = YES;
				GCC_C_LANGUAGE_STANDARD = gnu17;
				GCC_DYNAMIC_NO_PIC = NO;
				GCC_NO_COMMON_BLOCKS = YES;
				GCC_OPTIMIZATION_LEVEL = 0;
				GCC_PREPROCESSOR_DEFINITIONS = (
					"DEBUG=1",
					"$(inherited)",
				);
				GCC_WARN_64_TO_32_BIT_CONVERSION = YES;
				GCC_WARN_ABOUT_RETURN_TYPE = YES_ERROR;
				GCC_WARN_UNDECLARED_SELECTOR = YES;
				GCC_WARN_UNINITIALIZED_AUTOS = YES_AGGRESSIVE;
				GCC_WARN_UNUSED_FUNCTION = YES;
				GCC_WARN_UNUSED_VARIABLE = YES;
				IPHONEOS_DEPLOYMENT_TARGET = 17.0;
				MTL_ENABLE_DEBUG_INFO = INCLUDE_SOURCE;
				MTL_FAST_MATH = YES;
				ONLY_ACTIVE_ARCH = YES;
				SDKROOT = iphoneos;
				SWIFT_ACTIVE_COMPILATION_CONDITIONS = DEBUG;
				SWIFT_OPTIMIZATION_LEVEL = "-Onone";
			};
			name = Debug;
		};
		1A1A1A1A1A1A1A1A1A1A1A82 /* Release */ = {
			isa = XCBuildConfiguration;
			buildSettings = {
				ALWAYS_SEARCH_USER_PATHS = NO;
				CLANG_ANALYZER_NONNULL = YES;
				CLANG_ANALYZER_NUMBER_OBJECT_CONVERSION = YES_AGGRESSIVE;
				CLANG_CXX_LANGUAGE_STANDARD = "gnu++20";
				CLANG_ENABLE_MODULES = YES;
				CLANG_ENABLE_OBJC_ARC = YES;
				CLANG_ENABLE_OBJC_WEAK = YES;
				CLANG_WARN_BLOCK_CAPTURE_AUTORELEASING = YES;
				CLANG_WARN_BOOL_CONVERSION = YES;
				CLANG_WARN_COMMA = YES;
				CLANG_WARN_CONSTANT_CONVERSION = YES;
				CLANG_WARN_DEPRECATED_OBJC_IMPLEMENTATIONS = YES;
				CLANG_WARN_DIRECT_OBJC_ISA_USAGE = YES_ERROR;
				CLANG_WARN_DOCUMENTATION_COMMENTS = YES;
				CLANG_WARN_EMPTY_BODY = YES;
				CLANG_WARN_ENUM_CONVERSION = YES;
				CLANG_WARN_INFINITE_RECURSION = YES;
				CLANG_WARN_INT_CONVERSION = YES;
				CLANG_WARN_NON_LITERAL_NULL_CONVERSION = YES;
				CLANG_WARN_OBJC_IMPLICIT_RETAIN_SELF = YES;
				CLANG_WARN_OBJC_LITERAL_CONVERSION = YES;
				CLANG_WARN_OBJC_ROOT_CLASS = YES_ERROR;
				CLANG_WARN_QUOTED_INCLUDE_IN_FRAMEWORK_HEADER = YES;
				CLANG_WARN_RANGE_LOOP_ANALYSIS = YES;
				CLANG_WARN_STRICT_PROTOTYPES = YES;
				CLANG_WARN_SUSPICIOUS_MOVE = YES;
				CLANG_WARN_UNGUARDED_AVAILABILITY = YES_AGGRESSIVE;
				CLANG_WARN_UNREACHABLE_CODE = YES;
				CLANG_WARN__DUPLICATE_METHOD_MATCH = YES;
				COPY_PHASE_STRIP = NO;
				DEBUG_INFORMATION_FORMAT = "dwarf-with-dsym";
				ENABLE_NS_ASSERTIONS = NO;
				ENABLE_STRICT_OBJC_MSGSEND = YES;
				ENABLE_USER_SCRIPT_SANDBOXING = YES;
				GCC_C_LANGUAGE_STANDARD = gnu17;
				GCC_NO_COMMON_BLOCKS = YES;
				GCC_WARN_64_TO_32_BIT_CONVERSION = YES;
				GCC_WARN_ABOUT_RETURN_TYPE = YES_ERROR;
				GCC_WARN_UNDECLARED_SELECTOR = YES;
				GCC_WARN_UNINITIALIZED_AUTOS = YES_AGGRESSIVE;
				GCC_WARN_UNUSED_FUNCTION = YES;
				GCC_WARN_UNUSED_VARIABLE = YES;
				IPHONEOS_DEPLOYMENT_TARGET = 17.0;
				MTL_ENABLE_DEBUG_INFO = NO;
				MTL_FAST_MATH = YES;
				SDKROOT = iphoneos;
				SWIFT_COMPILATION_MODE = wholemodule;
				VALIDATE_PRODUCT = YES;
			};
			name = Release;
		};
		2B2B2B2B2B2B2B2B2B2B2B71 /* Debug */ = {
			isa = XCBuildConfiguration;
			buildSettings = {
				CODE_SIGN_STYLE = Automatic;
				DEVELOPMENT_TEAM = T7R6XV8X47;
				GENERATE_INFOPLIST_FILE = YES;
				IPHONEOS_DEPLOYMENT_TARGET = 17.0;
				LD_RUNPATH_SEARCH_PATHS = (
					"$(inherited)",
					"@executable_path/Frameworks",
					"@loader_path/Frameworks",
				);
				PRODUCT_BUNDLE_IDENTIFIER = app.chekinana.ios.UITests;
				PRODUCT_NAME = "$(TARGET_NAME)";
				SDKROOT = iphoneos;
				SUPPORTED_PLATFORMS = "iphoneos iphonesimulator";
				SWIFT_EMIT_LOC_STRINGS = NO;
				SWIFT_VERSION = 6.0;
				TARGETED_DEVICE_FAMILY = "1,2";
				TEST_TARGET_NAME = Chekinana;
			};
			name = Debug;
		};
		2B2B2B2B2B2B2B2B2B2B2B72 /* Release */ = {
			isa = XCBuildConfiguration;
			buildSettings = {
				CODE_SIGN_STYLE = Automatic;
				DEVELOPMENT_TEAM = T7R6XV8X47;
				GENERATE_INFOPLIST_FILE = YES;
				IPHONEOS_DEPLOYMENT_TARGET = 17.0;
				LD_RUNPATH_SEARCH_PATHS = (
					"$(inherited)",
					"@executable_path/Frameworks",
					"@loader_path/Frameworks",
				);
				PRODUCT_BUNDLE_IDENTIFIER = app.chekinana.ios.UITests;
				PRODUCT_NAME = "$(TARGET_NAME)";
				SDKROOT = iphoneos;
				SUPPORTED_PLATFORMS = "iphoneos iphonesimulator";
				SWIFT_EMIT_LOC_STRINGS = NO;
				SWIFT_VERSION = 6.0;
				TARGETED_DEVICE_FAMILY = "1,2";
				TEST_TARGET_NAME = Chekinana;
			};
			name = Release;
		};
		4D4D4D4D4D4D4D4D4D4D4D71 /* Debug */ = {
			isa = XCBuildConfiguration;
			buildSettings = {
				BUNDLE_LOADER = "$(TEST_HOST)";
				CODE_SIGN_STYLE = Automatic;
				DEVELOPMENT_TEAM = T7R6XV8X47;
				GENERATE_INFOPLIST_FILE = YES;
				IPHONEOS_DEPLOYMENT_TARGET = 17.0;
				LD_RUNPATH_SEARCH_PATHS = (
					"$(inherited)",
					"@executable_path/Frameworks",
					"@loader_path/Frameworks",
				);
				PRODUCT_BUNDLE_IDENTIFIER = app.chekinana.ios.Tests;
				PRODUCT_NAME = "$(TARGET_NAME)";
				SDKROOT = iphoneos;
				SUPPORTED_PLATFORMS = "iphoneos iphonesimulator";
				SWIFT_EMIT_LOC_STRINGS = NO;
				SWIFT_VERSION = 6.0;
				TARGETED_DEVICE_FAMILY = "1,2";
				TEST_HOST = "$(BUILT_PRODUCTS_DIR)/Chekinana.app/$(BUNDLE_EXECUTABLE_FOLDER_PATH)/Chekinana";
			};
			name = Debug;
		};
		4D4D4D4D4D4D4D4D4D4D4D72 /* Release */ = {
			isa = XCBuildConfiguration;
			buildSettings = {
				BUNDLE_LOADER = "$(TEST_HOST)";
				CODE_SIGN_STYLE = Automatic;
				DEVELOPMENT_TEAM = T7R6XV8X47;
				GENERATE_INFOPLIST_FILE = YES;
				IPHONEOS_DEPLOYMENT_TARGET = 17.0;
				LD_RUNPATH_SEARCH_PATHS = (
					"$(inherited)",
					"@executable_path/Frameworks",
					"@loader_path/Frameworks",
				);
				PRODUCT_BUNDLE_IDENTIFIER = app.chekinana.ios.Tests;
				PRODUCT_NAME = "$(TARGET_NAME)";
				SDKROOT = iphoneos;
				SUPPORTED_PLATFORMS = "iphoneos iphonesimulator";
				SWIFT_EMIT_LOC_STRINGS = NO;
				SWIFT_VERSION = 6.0;
				TARGETED_DEVICE_FAMILY = "1,2";
				TEST_HOST = "$(BUILT_PRODUCTS_DIR)/Chekinana.app/$(BUNDLE_EXECUTABLE_FOLDER_PATH)/Chekinana";
			};
			name = Release;
		};
/* End XCBuildConfiguration section */

/* Begin XCConfigurationList section */
		1A1A1A1A1A1A1A1A1A1A1A70 /* Build configuration list for PBXNativeTarget "Chekinana" */ = {
			isa = XCConfigurationList;
			buildConfigurations = (
				1A1A1A1A1A1A1A1A1A1A1A71 /* Debug */,
				1A1A1A1A1A1A1A1A1A1A1A72 /* Release */,
			);
			defaultConfigurationIsVisible = 0;
			defaultConfigurationName = Release;
		};
		1A1A1A1A1A1A1A1A1A1A1A80 /* Build configuration list for PBXProject "Chekinana" */ = {
			isa = XCConfigurationList;
			buildConfigurations = (
				1A1A1A1A1A1A1A1A1A1A1A81 /* Debug */,
				1A1A1A1A1A1A1A1A1A1A1A82 /* Release */,
			);
			defaultConfigurationIsVisible = 0;
			defaultConfigurationName = Release;
		};
		2B2B2B2B2B2B2B2B2B2B2B70 /* Build configuration list for PBXNativeTarget "ChekinanaUITests" */ = {
			isa = XCConfigurationList;
			buildConfigurations = (
				2B2B2B2B2B2B2B2B2B2B2B71 /* Debug */,
				2B2B2B2B2B2B2B2B2B2B2B72 /* Release */,
			);
			defaultConfigurationIsVisible = 0;
			defaultConfigurationName = Release;
		};
		4D4D4D4D4D4D4D4D4D4D4D70 /* Build configuration list for PBXNativeTarget "ChekinanaTests" */ = {
			isa = XCConfigurationList;
			buildConfigurations = (
				4D4D4D4D4D4D4D4D4D4D4D71 /* Debug */,
				4D4D4D4D4D4D4D4D4D4D4D72 /* Release */,
			);
			defaultConfigurationIsVisible = 0;
			defaultConfigurationName = Release;
		};
/* End XCConfigurationList section */
	};
	rootObject = 1A1A1A1A1A1A1A1A1A1A1A41 /* Project object */;
}
